
Microsoft Visual Studio Solution File, Format Version 12.00
# Visual Studio Version 16
VisualStudioVersion = 16.0.29613.14
MinimumVisualStudioVersion = 10.0.40219.1
Project("{FAE04EC0-301F-11D3-BF4B-00C04F79EFBC}") = "Jason-Choi_Simple_Dental_Payment_System", "Jason-Choi_Simple_Dental_Payment_System\Jason-Choi_Simple_Dental_Payment_System.csproj", "{AFE6B91F-6225-4C0A-8412-67DB87A930EF}"
EndProject
Global
	GlobalSection(SolutionConfigurationPlatforms) = preSolution
		Debug|Any CPU = Debug|Any CPU
		Release|Any CPU = Release|Any CPU
	EndGlobalSection
	GlobalSection(ProjectConfigurationPlatforms) = postSolution
		{AFE6B91F-6225-4C0A-8412-67DB87A930EF}.Debug|Any CPU.ActiveCfg = Debug|Any CPU
		{AFE6B91F-6225-4C0A-8412-67DB87A930EF}.Debug|Any CPU.Build.0 = Debug|Any CPU
		{AFE6B91F-6225-4C0A-8412-67DB87A930EF}.Release|Any CPU.ActiveCfg = Release|Any CPU
		{AFE6B91F-6225-4C0A-8412-67DB87A930EF}.Release|Any CPU.Build.0 = Release|Any CPU
	EndGlobalSection
	GlobalSection(SolutionProperties) = preSolution
		HideSolutionNode = FALSE
	EndGlobalSection
	GlobalSection(ExtensibilityGlobals) = postSolution
		SolutionGuid = {9B433FB4-4F28-426F-B232-DC7AA387CA1C}
	EndGlobalSection
EndGlobal
